// !$*UTF8*$!
{
	archiveVersion = 1;
	classes = {
	};
	objectVersion = 46;
	objects = {

/* Begin PBXBuildFile section */
		1C12BD451CB7C3FA004E9643 /* board.swift in Sources */ = {isa = PBXBuildFile; fileRef = 1C12BD441CB7C3FA004E9643 /* board.swift */; };
		1C12BD471CB7C59D004E9643 /* Assets.xcassets in Resources */ = {isa = PBXBuildFile; fileRef = 1C12BD461CB7C59D004E9643 /* Assets.xcassets */; };
		1C12BD501CB7D918004E9643 /* music.swift in Sources */ = {isa = PBXBuildFile; fileRef = 1C12BD4F1CB7D918004E9643 /* music.swift */; };
		1C12BD521CB7D9A5004E9643 /* main.controller.swift in Sources */ = {isa = PBXBuildFile; fileRef = 1C12BD511CB7D9A5004E9643 /* main.controller.swift */; };
		1C12BD541CB7DC6B004E9643 /* main.storyboard in Resources */ = {isa = PBXBuildFile; fileRef = 1C12BD531CB7DC6B004E9643 /* main.storyboard */; };
		1C12BD561CB7DF03004E9643 /* 16 - Perturbator.mp3 in Resources */ = {isa = PBXBuildFile; fileRef = 1C12BD551CB7DF03004E9643 /* 16 - Perturbator.mp3 */; };
		1C12BD5A1CB7E70C004E9643 /* game.controller.swift in Sources */ = {isa = PBXBuildFile; fileRef = 1C12BD591CB7E70C004E9643 /* game.controller.swift */; };
		1C5CF8FB1C8DB66F00738B5F /* AppDelegate.swift in Sources */ = {isa = PBXBuildFile; fileRef = 1C5CF8FA1C8DB66F00738B5F /* AppDelegate.swift */; };
		1C5CF9091C8DB66F00738B5F /* LaunchScreen.storyboard in Resources */ = {isa = PBXBuildFile; fileRef = 1C5CF9071C8DB66F00738B5F /* LaunchScreen.storyboard */; };
		1C5CF9141C8DB66F00738B5F /* tdt4240_projectTests.swift in Sources */ = {isa = PBXBuildFile; fileRef = 1C5CF9131C8DB66F00738B5F /* tdt4240_projectTests.swift */; };
		1C7BB31B1CB7A0F900BE663D /* game.swift in Sources */ = {isa = PBXBuildFile; fileRef = 1C7BB31A1CB7A0F900BE663D /* game.swift */; };
/* End PBXBuildFile section */

/* Begin PBXContainerItemProxy section */
		1C5CF9101C8DB66F00738B5F /* PBXContainerItemProxy */ = {
			isa = PBXContainerItemProxy;
			containerPortal = 1C5CF8EF1C8DB66F00738B5F /* Project object */;
			proxyType = 1;
			remoteGlobalIDString = 1C5CF8F61C8DB66F00738B5F;
			remoteInfo = "tdt4240-project";
		};
/* End PBXContainerItemProxy section */

/* Begin PBXFileReference section */
		1C12BD441CB7C3FA004E9643 /* board.swift */ = {isa = PBXFileReference; fileEncoding = 4; lastKnownFileType = sourcecode.swift; path = board.swift; sourceTree = "<group>"; };
		1C12BD461CB7C59D004E9643 /* Assets.xcassets */ = {isa = PBXFileReference; lastKnownFileType = folder.assetcatalog; path = Assets.xcassets; sourceTree = "<group>"; };
		1C12BD4F1CB7D918004E9643 /* music.swift */ = {isa = PBXFileReference; fileEncoding = 4; lastKnownFileType = sourcecode.swift; path = music.swift; sourceTree = "<group>"; };
		1C12BD511CB7D9A5004E9643 /* main.controller.swift */ = {isa = PBXFileReference; fileEncoding = 4; lastKnownFileType = sourcecode.swift; path = main.controller.swift; sourceTree = "<group>"; };
		1C12BD531CB7DC6B004E9643 /* main.storyboard */ = {isa = PBXFileReference; fileEncoding = 4; lastKnownFileType = file.storyboard; path = main.storyboard; sourceTree = "<group>"; };
		1C12BD551CB7DF03004E9643 /* 16 - Perturbator.mp3 */ = {isa = PBXFileReference; lastKnownFileType = audio.mp3; path = "16 - Perturbator.mp3"; sourceTree = "<group>"; };
		1C12BD591CB7E70C004E9643 /* game.controller.swift */ = {isa = PBXFileReference; fileEncoding = 4; lastKnownFileType = sourcecode.swift; path = game.controller.swift; sourceTree = "<group>"; };
		1C5CF8F71C8DB66F00738B5F /* tdt4240-project.app */ = {isa = PBXFileReference; explicitFileType = wrapper.application; includeInIndex = 0; path = "tdt4240-project.app"; sourceTree = BUILT_PRODUCTS_DIR; };
		1C5CF8FA1C8DB66F00738B5F /* AppDelegate.swift */ = {isa = PBXFileReference; lastKnownFileType = sourcecode.swift; path = AppDelegate.swift; sourceTree = "<group>"; };
		1C5CF9081C8DB66F00738B5F /* Base */ = {isa = PBXFileReference; lastKnownFileType = file.storyboard; name = Base; path = Base.lproj/LaunchScreen.storyboard; sourceTree = "<group>"; };
		1C5CF90A1C8DB66F00738B5F /* Info.plist */ = {isa = PBXFileReference; lastKnownFileType = text.plist.xml; path = Info.plist; sourceTree = "<group>"; };
		1C5CF90F1C8DB66F00738B5F /* tdt4240-projectTests.xctest */ = {isa = PBXFileReference; explicitFileType = wrapper.cfbundle; includeInIndex = 0; path = "tdt4240-projectTests.xctest"; sourceTree = BUILT_PRODUCTS_DIR; };
		1C5CF9131C8DB66F00738B5F /* tdt4240_projectTests.swift */ = {isa = PBXFileReference; lastKnownFileType = sourcecode.swift; path = tdt4240_projectTests.swift; sourceTree = "<group>"; };
		1C5CF9151C8DB66F00738B5F /* Info.plist */ = {isa = PBXFileReference; lastKnownFileType = text.plist.xml; path = Info.plist; sourceTree = "<group>"; };
		1C7BB31D1CB7A95400BE663D /* game.swift */ = {isa = PBXFileReference; fileEncoding = 4; lastKnownFileType = sourcecode.swift; path = game.swift; sourceTree = "<group>"; };
/* End PBXFileReference section */

/* Begin PBXFrameworksBuildPhase section */
		1C5CF8F41C8DB66F00738B5F /* Frameworks */ = {
			isa = PBXFrameworksBuildPhase;
			buildActionMask = 2147483647;
			files = (
			);
			runOnlyForDeploymentPostprocessing = 0;
		};
		1C5CF90C1C8DB66F00738B5F /* Frameworks */ = {
			isa = PBXFrameworksBuildPhase;
			buildActionMask = 2147483647;
			files = (
			);
			runOnlyForDeploymentPostprocessing = 0;
		};
/* End PBXFrameworksBuildPhase section */

/* Begin PBXGroup section */
		1C12BD571CB7E6F3004E9643 /* main */ = {
			isa = PBXGroup;
			children = (
				1C12BD511CB7D9A5004E9643 /* main.controller.swift */,
			);
			name = main;
			sourceTree = "<group>";
		};
		1C12BD581CB7E6FC004E9643 /* game */ = {
			isa = PBXGroup;
			children = (
				1C12BD591CB7E70C004E9643 /* game.controller.swift */,
			);
			name = game;
			sourceTree = "<group>";
		};
		1C5CF8EE1C8DB66F00738B5F = {
			isa = PBXGroup;
			children = (
				1C5CF8F91C8DB66F00738B5F /* tdt4240-project */,
				1C5CF9121C8DB66F00738B5F /* tdt4240-projectTests */,
				1C5CF8F81C8DB66F00738B5F /* Products */,
			);
			sourceTree = "<group>";
		};
		1C5CF8F81C8DB66F00738B5F /* Products */ = {
			isa = PBXGroup;
			children = (
				1C5CF8F71C8DB66F00738B5F /* tdt4240-project.app */,
				1C5CF90F1C8DB66F00738B5F /* tdt4240-projectTests.xctest */,
			);
			name = Products;
			sourceTree = "<group>";
		};
		1C5CF8F91C8DB66F00738B5F /* tdt4240-project */ = {
			isa = PBXGroup;
			children = (
				1C12BD581CB7E6FC004E9643 /* game */,
				1C12BD571CB7E6F3004E9643 /* main */,
				1C7BB31C1CB7A94200BE663D /* components */,
				1C7BB3191CB7A0AB00BE663D /* components */,
				1C5CF8FA1C8DB66F00738B5F /* AppDelegate.swift */,
				1C12BD461CB7C59D004E9643 /* Assets.xcassets */,
				1C5CF9071C8DB66F00738B5F /* LaunchScreen.storyboard */,
				1C5CF90A1C8DB66F00738B5F /* Info.plist */,
				1C12BD551CB7DF03004E9643 /* 16 - Perturbator.mp3 */,
				1C12BD531CB7DC6B004E9643 /* main.storyboard */,
			);
			path = "tdt4240-project";
			sourceTree = "<group>";
		};
		1C5CF9121C8DB66F00738B5F /* tdt4240-projectTests */ = {
			isa = PBXGroup;
			children = (
				1C5CF9131C8DB66F00738B5F /* tdt4240_projectTests.swift */,
				1C5CF9151C8DB66F00738B5F /* Info.plist */,
			);
			path = "tdt4240-projectTests";
			sourceTree = "<group>";
		};
		1C7BB31C1CB7A94200BE663D /* components */ = {
			isa = PBXGroup;
			children = (
				1C7BB31D1CB7A95400BE663D /* game.swift */,
				1C12BD441CB7C3FA004E9643 /* board.swift */,
				1C12BD4F1CB7D918004E9643 /* music.swift */,
			);
			name = components;
			sourceTree = "<group>";
		};
/* End PBXGroup section */

/* Begin PBXNativeTarget section */
		1C5CF8F61C8DB66F00738B5F /* tdt4240-project */ = {
			isa = PBXNativeTarget;
			buildConfigurationList = 1C5CF9181C8DB66F00738B5F /* Build configuration list for PBXNativeTarget "tdt4240-project" */;
			buildPhases = (
				1C5CF8F31C8DB66F00738B5F /* Sources */,
				1C5CF8F41C8DB66F00738B5F /* Frameworks */,
				1C5CF8F51C8DB66F00738B5F /* Resources */,
			);
			buildRules = (
			);
			dependencies = (
			);
			name = "tdt4240-project";
			productName = "tdt4240-project";
			productReference = 1C5CF8F71C8DB66F00738B5F /* tdt4240-project.app */;
			productType = "com.apple.product-type.application";
		};
		1C5CF90E1C8DB66F00738B5F /* tdt4240-projectTests */ = {
			isa = PBXNativeTarget;
			buildConfigurationList = 1C5CF91B1C8DB66F00738B5F /* Build configuration list for PBXNativeTarget "tdt4240-projectTests" */;
			buildPhases = (
				1C5CF90B1C8DB66F00738B5F /* Sources */,
				1C5CF90C1C8DB66F00738B5F /* Frameworks */,
				1C5CF90D1C8DB66F00738B5F /* Resources */,
			);
			buildRules = (
			);
			dependencies = (
				1C5CF9111C8DB66F00738B5F /* PBXTargetDependency */,
			);
			name = "tdt4240-projectTests";
			productName = "tdt4240-projectTests";
			productReference = 1C5CF90F1C8DB66F00738B5F /* tdt4240-projectTests.xctest */;
			productType = "com.apple.product-type.bundle.unit-test";
		};
/* End PBXNativeTarget section */

/* Begin PBXProject section */
		1C5CF8EF1C8DB66F00738B5F /* Project object */ = {
			isa = PBXProject;
			attributes = {
				LastSwiftUpdateCheck = 0720;
				LastUpgradeCheck = 0720;
				ORGANIZATIONNAME = "group-1";
				TargetAttributes = {
					1C5CF8F61C8DB66F00738B5F = {
						CreatedOnToolsVersion = 7.2.1;
						DevelopmentTeam = X8A337DP2P;
					};
					1C5CF90E1C8DB66F00738B5F = {
						CreatedOnToolsVersion = 7.2.1;
						DevelopmentTeam = X8A337DP2P;
						TestTargetID = 1C5CF8F61C8DB66F00738B5F;
					};
				};
			};
			buildConfigurationList = 1C5CF8F21C8DB66F00738B5F /* Build configuration list for PBXProject "tdt4240-project" */;
			compatibilityVersion = "Xcode 3.2";
			developmentRegion = English;
			hasScannedForEncodings = 0;
			knownRegions = (
				en,
				Base,
			);
			mainGroup = 1C5CF8EE1C8DB66F00738B5F;
			productRefGroup = 1C5CF8F81C8DB66F00738B5F /* Products */;
			projectDirPath = "";
			projectRoot = "";
			targets = (
				1C5CF8F61C8DB66F00738B5F /* tdt4240-project */,
				1C5CF90E1C8DB66F00738B5F /* tdt4240-projectTests */,
			);
		};
/* End PBXProject section */

/* Begin PBXResourcesBuildPhase section */
		1C5CF8F51C8DB66F00738B5F /* Resources */ = {
			isa = PBXResourcesBuildPhase;
			buildActionMask = 2147483647;
			files = (
				1C12BD561CB7DF03004E9643 /* 16 - Perturbator.mp3 in Resources */,
				1C5CF9091C8DB66F00738B5F /* LaunchScreen.storyboard in Resources */,
				1C12BD541CB7DC6B004E9643 /* main.storyboard in Resources */,
				1C12BD471CB7C59D004E9643 /* Assets.xcassets in Resources */,
			);
			runOnlyForDeploymentPostprocessing = 0;
		};
		1C5CF90D1C8DB66F00738B5F /* Resources */ = {
			isa = PBXResourcesBuildPhase;
			buildActionMask = 2147483647;
			files = (
			);
			runOnlyForDeploymentPostprocessing = 0;
		};
/* End PBXResourcesBuildPhase section */

/* Begin PBXSourcesBuildPhase section */
		1C5CF8F31C8DB66F00738B5F /* Sources */ = {
			isa = PBXSourcesBuildPhase;
			buildActionMask = 2147483647;
			files = (
				1C5CF8FB1C8DB66F00738B5F /* AppDelegate.swift in Sources */,
				1C7BB31E1CB7A95400BE663D /* game.swift in Sources */,
				1C12BD521CB7D9A5004E9643 /* main.controller.swift in Sources */,
				1C12BD501CB7D918004E9643 /* music.swift in Sources */,
				1C12BD5A1CB7E70C004E9643 /* game.controller.swift in Sources */,
				1C12BD451CB7C3FA004E9643 /* board.swift in Sources */,
			);
			runOnlyForDeploymentPostprocessing = 0;
		};
		1C5CF90B1C8DB66F00738B5F /* Sources */ = {
			isa = PBXSourcesBuildPhase;
			buildActionMask = 2147483647;
			files = (
				1C5CF9141C8DB66F00738B5F /* tdt4240_projectTests.swift in Sources */,
			);
			runOnlyForDeploymentPostprocessing = 0;
		};
/* End PBXSourcesBuildPhase section */

/* Begin PBXTargetDependency section */
		1C5CF9111C8DB66F00738B5F /* PBXTargetDependency */ = {
			isa = PBXTargetDependency;
			target = 1C5CF8F61C8DB66F00738B5F /* tdt4240-project */;
			targetProxy = 1C5CF9101C8DB66F00738B5F /* PBXContainerItemProxy */;
		};
/* End PBXTargetDependency section */

/* Begin PBXVariantGroup section */
		1C5CF9071C8DB66F00738B5F /* LaunchScreen.storyboard */ = {
			isa = PBXVariantGroup;
			children = (
				1C5CF9081C8DB66F00738B5F /* Base */,
			);
			name = LaunchScreen.storyboard;
			sourceTree = "<group>";
		};
/* End PBXVariantGroup section */

/* Begin XCBuildConfiguration section */
		1C5CF9161C8DB66F00738B5F /* Debug */ = {
			isa = XCBuildConfiguration;
			buildSettings = {
				ALWAYS_SEARCH_USER_PATHS = NO;
				CLANG_CXX_LANGUAGE_STANDARD = "gnu++0x";
				CLANG_CXX_LIBRARY = "libc++";
				CLANG_ENABLE_MODULES = YES;
				CLANG_ENABLE_OBJC_ARC = YES;
				CLANG_WARN_BOOL_CONVERSION = YES;
				CLANG_WARN_CONSTANT_CONVERSION = YES;
				CLANG_WARN_DIRECT_OBJC_ISA_USAGE = YES_ERROR;
				CLANG_WARN_EMPTY_BODY = YES;
				CLANG_WARN_ENUM_CONVERSION = YES;
				CLANG_WARN_INT_CONVERSION = YES;
				CLANG_WARN_OBJC_ROOT_CLASS = YES_ERROR;
				CLANG_WARN_UNREACHABLE_CODE = YES;
				CLANG_WARN__DUPLICATE_METHOD_MATCH = YES;
				"CODE_SIGN_IDENTITY[sdk=iphoneos*]" = "iPhone Developer";
				COPY_PHASE_STRIP = NO;
				DEBUG_INFORMATION_FORMAT = "dwarf-with-dsym";
				ENABLE_STRICT_OBJC_MSGSEND = YES;
				ENABLE_TESTABILITY = YES;
				GCC_C_LANGUAGE_STANDARD = gnu99;
				GCC_DYNAMIC_NO_PIC = NO;
				GCC_NO_COMMON_BLOCKS = YES;
				GCC_OPTIMIZATION_LEVEL = 0;
				GCC_PREPROCESSOR_DEFINITIONS = (
					"DEBUG=1",
					"$(inherited)",
				);
				GCC_WARN_64_TO_32_BIT_CONVERSION = YES;
				GCC_WARN_ABOUT_RETURN_TYPE = YES_ERROR;
				GCC_WARN_UNDECLARED_SELECTOR = YES;
				GCC_WARN_UNINITIALIZED_AUTOS = YES_AGGRESSIVE;
				GCC_WARN_UNUSED_FUNCTION = YES;
				GCC_WARN_UNUSED_VARIABLE = YES;
				IPHONEOS_DEPLOYMENT_TARGET = 9.2;
				MTL_ENABLE_DEBUG_INFO = YES;
				ONLY_ACTIVE_ARCH = YES;
				SDKROOT = iphoneos;
				SWIFT_OPTIMIZATION_LEVEL = "-Onone";
				TARGETED_DEVICE_FAMILY = "1,2";
			};
			name = Debug;
		};
		1C5CF9171C8DB66F00738B5F /* Release */ = {
			isa = XCBuildConfiguration;
			buildSettings = {
				ALWAYS_SEARCH_USER_PATHS = NO;
				CLANG_CXX_LANGUAGE_STANDARD = "gnu++0x";
				CLANG_CXX_LIBRARY = "libc++";
				CLANG_ENABLE_MODULES = YES;
				CLANG_ENABLE_OBJC_ARC = YES;
				CLANG_WARN_BOOL_CONVERSION = YES;
				CLANG_WARN_CONSTANT_CONVERSION = YES;
				CLANG_WARN_DIRECT_OBJC_ISA_USAGE = YES_ERROR;
				CLANG_WARN_EMPTY_BODY = YES;
				CLANG_WARN_ENUM_CONVERSION = YES;
				CLANG_WARN_INT_CONVERSION = YES;
				CLANG_WARN_OBJC_ROOT_CLASS = YES_ERROR;
				CLANG_WARN_UNREACHABLE_CODE = YES;
				CLANG_WARN__DUPLICATE_METHOD_MATCH = YES;
				"CODE_SIGN_IDENTITY[sdk=iphoneos*]" = "iPhone Developer";
				COPY_PHASE_STRIP = NO;
				DEBUG_INFORMATION_FORMAT = "dwarf-with-dsym";
				ENABLE_NS_ASSERTIONS = NO;
				ENABLE_STRICT_OBJC_MSGSEND = YES;
				GCC_C_LANGUAGE_STANDARD = gnu99;
				GCC_NO_COMMON_BLOCKS = YES;
				GCC_WARN_64_TO_32_BIT_CONVERSION = YES;
				GCC_WARN_ABOUT_RETURN_TYPE = YES_ERROR;
				GCC_WARN_UNDECLARED_SELECTOR = YES;
				GCC_WARN_UNINITIALIZED_AUTOS = YES_AGGRESSIVE;
				GCC_WARN_UNUSED_FUNCTION = YES;
				GCC_WARN_UNUSED_VARIABLE = YES;
				IPHONEOS_DEPLOYMENT_TARGET = 9.2;
				MTL_ENABLE_DEBUG_INFO = NO;
				SDKROOT = iphoneos;
				TARGETED_DEVICE_FAMILY = "1,2";
				VALIDATE_PRODUCT = YES;
			};
			name = Release;
		};
		1C5CF9191C8DB66F00738B5F /* Debug */ = {
			isa = XCBuildConfiguration;
			buildSettings = {
				ASSETCATALOG_COMPILER_APPICON_NAME = AppIcon;
				INFOPLIST_FILE = "tdt4240-project/Info.plist";
				LD_RUNPATH_SEARCH_PATHS = "$(inherited) @executable_path/Frameworks";
				PRODUCT_BUNDLE_IDENTIFIER = "group-1.tdt4240-project";
				PRODUCT_NAME = "$(TARGET_NAME)";
			};
			name = Debug;
		};
		1C5CF91A1C8DB66F00738B5F /* Release */ = {
			isa = XCBuildConfiguration;
			buildSettings = {
				ASSETCATALOG_COMPILER_APPICON_NAME = AppIcon;
				INFOPLIST_FILE = "tdt4240-project/Info.plist";
				LD_RUNPATH_SEARCH_PATHS = "$(inherited) @executable_path/Frameworks";
				PRODUCT_BUNDLE_IDENTIFIER = "group-1.tdt4240-project";
				PRODUCT_NAME = "$(TARGET_NAME)";
			};
			name = Release;
		};
		1C5CF91C1C8DB66F00738B5F /* Debug */ = {
			isa = XCBuildConfiguration;
			buildSettings = {
				BUNDLE_LOADER = "$(TEST_HOST)";
				DEBUG_INFORMATION_FORMAT = dwarf;
				INFOPLIST_FILE = "tdt4240-projectTests/Info.plist";
				LD_RUNPATH_SEARCH_PATHS = "$(inherited) @executable_path/Frameworks @loader_path/Frameworks";
				PRODUCT_BUNDLE_IDENTIFIER = "group-1.tdt4240-projectTests";
				PRODUCT_NAME = "$(TARGET_NAME)";
				TEST_HOST = "$(BUILT_PRODUCTS_DIR)/tdt4240-project.app/tdt4240-project";
			};
			name = Debug;
		};
		1C5CF91D1C8DB66F00738B5F /* Release */ = {
			isa = XCBuildConfiguration;
			buildSettings = {
				BUNDLE_LOADER = "$(TEST_HOST)";
				INFOPLIST_FILE = "tdt4240-projectTests/Info.plist";
				LD_RUNPATH_SEARCH_PATHS = "$(inherited) @executable_path/Frameworks @loader_path/Frameworks";
				PRODUCT_BUNDLE_IDENTIFIER = "group-1.tdt4240-projectTests";
				PRODUCT_NAME = "$(TARGET_NAME)";
				TEST_HOST = "$(BUILT_PRODUCTS_DIR)/tdt4240-project.app/tdt4240-project";
			};
			name = Release;
		};
/* End XCBuildConfiguration section */

/* Begin XCConfigurationList section */
		1C5CF8F21C8DB66F00738B5F /* Build configuration list for PBXProject "tdt4240-project" */ = {
			isa = XCConfigurationList;
			buildConfigurations = (
				1C5CF9161C8DB66F00738B5F /* Debug */,
				1C5CF9171C8DB66F00738B5F /* Release */,
			);
			defaultConfigurationIsVisible = 0;
			defaultConfigurationName = Release;
		};
		1C5CF9181C8DB66F00738B5F /* Build configuration list for PBXNativeTarget "tdt4240-project" */ = {
			isa = XCConfigurationList;
			buildConfigurations = (
				1C5CF9191C8DB66F00738B5F /* Debug */,
				1C5CF91A1C8DB66F00738B5F /* Release */,
			);
			defaultConfigurationIsVisible = 0;
			defaultConfigurationName = Release;
		};
		1C5CF91B1C8DB66F00738B5F /* Build configuration list for PBXNativeTarget "tdt4240-projectTests" */ = {
			isa = XCConfigurationList;
			buildConfigurations = (
				1C5CF91C1C8DB66F00738B5F /* Debug */,
				1C5CF91D1C8DB66F00738B5F /* Release */,
			);
			defaultConfigurationIsVisible = 0;
			defaultConfigurationName = Release;
		};
/* End XCConfigurationList section */
	};
	rootObject = 1C5CF8EF1C8DB66F00738B5F /* Project object */;
}
